// !$*UTF8*$!
{
	archiveVersion = 1;
	classes = {
	};
	objectVersion = 56;
	objects = {

/* Begin PBXBuildFile section */
		D24F00A12AEA8116003FF531 /* AppDelegate.swift in Sources */ = {isa = PBXBuildFile; fileRef = D24F00A02AEA8116003FF531 /* AppDelegate.swift */; };
		D24F00A32AEA8116003FF531 /* SceneDelegate.swift in Sources */ = {isa = PBXBuildFile; fileRef = D24F00A22AEA8116003FF531 /* SceneDelegate.swift */; };
		D24F00A52AEA8116003FF531 /* ViewController.swift in Sources */ = {isa = PBXBuildFile; fileRef = D24F00A42AEA8116003FF531 /* ViewController.swift */; };
		D24F00A82AEA8116003FF531 /* Main.storyboard in Resources */ = {isa = PBXBuildFile; fileRef = D24F00A62AEA8116003FF531 /* Main.storyboard */; };
		D24F00AA2AEA8118003FF531 /* Assets.xcassets in Resources */ = {isa = PBXBuildFile; fileRef = D24F00A92AEA8118003FF531 /* Assets.xcassets */; };
		D24F00AD2AEA8118003FF531 /* LaunchScreen.storyboard in Resources */ = {isa = PBXBuildFile; fileRef = D24F00AB2AEA8118003FF531 /* LaunchScreen.storyboard */; };
		D24F00B82AEA8118003FF531 /* Tasarim1Tests.swift in Sources */ = {isa = PBXBuildFile; fileRef = D24F00B72AEA8118003FF531 /* Tasarim1Tests.swift */; };
		D24F00C22AEA8118003FF531 /* Tasarim1UITests.swift in Sources */ = {isa = PBXBuildFile; fileRef = D24F00C12AEA8118003FF531 /* Tasarim1UITests.swift */; };
		D24F00C42AEA8118003FF531 /* Tasarim1UITestsLaunchTests.swift in Sources */ = {isa = PBXBuildFile; fileRef = D24F00C32AEA8118003FF531 /* Tasarim1UITestsLaunchTests.swift */; };
		D24F00D22AEA99DB003FF531 /* Pacifico-Regular.ttf in Resources */ = {isa = PBXBuildFile; fileRef = D24F00D12AEA99DB003FF531 /* Pacifico-Regular.ttf */; };
/* End PBXBuildFile section */

/* Begin PBXContainerItemProxy section */
		D24F00B42AEA8118003FF531 /* PBXContainerItemProxy */ = {
			isa = PBXContainerItemProxy;
			containerPortal = D24F00952AEA8116003FF531 /* Project object */;
			proxyType = 1;
			remoteGlobalIDString = D24F009C2AEA8116003FF531;
			remoteInfo = Tasarim1;
		};
		D24F00BE2AEA8118003FF531 /* PBXContainerItemProxy */ = {
			isa = PBXContainerItemProxy;
			containerPortal = D24F00952AEA8116003FF531 /* Project object */;
			proxyType = 1;
			remoteGlobalIDString = D24F009C2AEA8116003FF531;
			remoteInfo = Tasarim1;
		};
/* End PBXContainerItemProxy section */

/* Begin PBXFileReference section */
		D24F009D2AEA8116003FF531 /* Tasarim1.app */ = {isa = PBXFileReference; explicitFileType = wrapper.application; includeInIndex = 0; path = Tasarim1.app; sourceTree = BUILT_PRODUCTS_DIR; };
		D24F00A02AEA8116003FF531 /* AppDelegate.swift */ = {isa = PBXFileReference; lastKnownFileType = sourcecode.swift; path = AppDelegate.swift; sourceTree = "<group>"; };
		D24F00A22AEA8116003FF531 /* SceneDelegate.swift */ = {isa = PBXFileReference; lastKnownFileType = sourcecode.swift; path = SceneDelegate.swift; sourceTree = "<group>"; };
		D24F00A42AEA8116003FF531 /* ViewController.swift */ = {isa = PBXFileReference; lastKnownFileType = sourcecode.swift; path = ViewController.swift; sourceTree = "<group>"; };
		D24F00A72AEA8116003FF531 /* Base */ = {isa = PBXFileReference; lastKnownFileType = file.storyboard; name = Base; path = Base.lproj/Main.storyboard; sourceTree = "<group>"; };
		D24F00A92AEA8118003FF531 /* Assets.xcassets */ = {isa = PBXFileReference; lastKnownFileType = folder.assetcatalog; path = Assets.xcassets; sourceTree = "<group>"; };
		D24F00AC2AEA8118003FF531 /* Base */ = {isa = PBXFileReference; lastKnownFileType = file.storyboard; name = Base; path = Base.lproj/LaunchScreen.storyboard; sourceTree = "<group>"; };
		D24F00AE2AEA8118003FF531 /* Info.plist */ = {isa = PBXFileReference; lastKnownFileType = text.plist.xml; path = Info.plist; sourceTree = "<group>"; };
		D24F00B32AEA8118003FF531 /* Tasarim1Tests.xctest */ = {isa = PBXFileReference; explicitFileType = wrapper.cfbundle; includeInIndex = 0; path = Tasarim1Tests.xctest; sourceTree = BUILT_PRODUCTS_DIR; };
		D24F00B72AEA8118003FF531 /* Tasarim1Tests.swift */ = {isa = PBXFileReference; lastKnownFileType = sourcecode.swift; path = Tasarim1Tests.swift; sourceTree = "<group>"; };
		D24F00BD2AEA8118003FF531 /* Tasarim1UITests.xctest */ = {isa = PBXFileReference; explicitFileType = wrapper.cfbundle; includeInIndex = 0; path = Tasarim1UITests.xctest; sourceTree = BUILT_PRODUCTS_DIR; };
		D24F00C12AEA8118003FF531 /* Tasarim1UITests.swift */ = {isa = PBXFileReference; lastKnownFileType = sourcecode.swift; path = Tasarim1UITests.swift; sourceTree = "<group>"; };
		D24F00C32AEA8118003FF531 /* Tasarim1UITestsLaunchTests.swift */ = {isa = PBXFileReference; lastKnownFileType = sourcecode.swift; path = Tasarim1UITestsLaunchTests.swift; sourceTree = "<group>"; };
		D24F00D12AEA99DB003FF531 /* Pacifico-Regular.ttf */ = {isa = PBXFileReference; lastKnownFileType = file; path = "Pacifico-Regular.ttf"; sourceTree = "<group>"; };
		D24F00D32AEBBF19003FF531 /* tr */ = {isa = PBXFileReference; lastKnownFileType = text.plist.strings; name = tr; path = tr.lproj/Main.strings; sourceTree = "<group>"; };
		D24F00D42AEBBF19003FF531 /* tr */ = {isa = PBXFileReference; lastKnownFileType = text.plist.strings; name = tr; path = tr.lproj/LaunchScreen.strings; sourceTree = "<group>"; };
/* End PBXFileReference section */

/* Begin PBXFrameworksBuildPhase section */
		D24F009A2AEA8116003FF531 /* Frameworks */ = {
			isa = PBXFrameworksBuildPhase;
			buildActionMask = 2147483647;
			files = (
			);
			runOnlyForDeploymentPostprocessing = 0;
		};
		D24F00B02AEA8118003FF531 /* Frameworks */ = {
			isa = PBXFrameworksBuildPhase;
			buildActionMask = 2147483647;
			files = (
			);
			runOnlyForDeploymentPostprocessing = 0;
		};
		D24F00BA2AEA8118003FF531 /* Frameworks */ = {
			isa = PBXFrameworksBuildPhase;
			buildActionMask = 2147483647;
			files = (
			);
			runOnlyForDeploymentPostprocessing = 0;
		};
/* End PBXFrameworksBuildPhase section */

/* Begin PBXGroup section */
		D24F00942AEA8116003FF531 = {
			isa = PBXGroup;
			children = (
				D24F009F2AEA8116003FF531 /* Tasarim1 */,
				D24F00B62AEA8118003FF531 /* Tasarim1Tests */,
				D24F00C02AEA8118003FF531 /* Tasarim1UITests */,
				D24F009E2AEA8116003FF531 /* Products */,
			);
			sourceTree = "<group>";
		};
		D24F009E2AEA8116003FF531 /* Products */ = {
			isa = PBXGroup;
			children = (
				D24F009D2AEA8116003FF531 /* Tasarim1.app */,
				D24F00B32AEA8118003FF531 /* Tasarim1Tests.xctest */,
				D24F00BD2AEA8118003FF531 /* Tasarim1UITests.xctest */,
			);
			name = Products;
			sourceTree = "<group>";
		};
		D24F009F2AEA8116003FF531 /* Tasarim1 */ = {
			isa = PBXGroup;
			children = (
				D24F00A02AEA8116003FF531 /* AppDelegate.swift */,
				D24F00A22AEA8116003FF531 /* SceneDelegate.swift */,
				D24F00A42AEA8116003FF531 /* ViewController.swift */,
				D24F00D02AEA99A5003FF531 /* fonts */,
				D24F00A62AEA8116003FF531 /* Main.storyboard */,
				D24F00A92AEA8118003FF531 /* Assets.xcassets */,
				D24F00AB2AEA8118003FF531 /* LaunchScreen.storyboard */,
				D24F00AE2AEA8118003FF531 /* Info.plist */,
			);
			path = Tasarim1;
			sourceTree = "<group>";
		};
		D24F00B62AEA8118003FF531 /* Tasarim1Tests */ = {
			isa = PBXGroup;
			children = (
				D24F00B72AEA8118003FF531 /* Tasarim1Tests.swift */,
			);
			path = Tasarim1Tests;
			sourceTree = "<group>";
		};
		D24F00C02AEA8118003FF531 /* Tasarim1UITests */ = {
			isa = PBXGroup;
			children = (
				D24F00C12AEA8118003FF531 /* Tasarim1UITests.swift */,
				D24F00C32AEA8118003FF531 /* Tasarim1UITestsLaunchTests.swift */,
			);
			path = Tasarim1UITests;
			sourceTree = "<group>";
		};
		D24F00D02AEA99A5003FF531 /* fonts */ = {
			isa = PBXGroup;
			children = (
				D24F00D12AEA99DB003FF531 /* Pacifico-Regular.ttf */,
			);
			path = fonts;
			sourceTree = "<group>";
		};
/* End PBXGroup section */

/* Begin PBXNativeTarget section */
		D24F009C2AEA8116003FF531 /* Tasarim1 */ = {
			isa = PBXNativeTarget;
			buildConfigurationList = D24F00C72AEA8118003FF531 /* Build configuration list for PBXNativeTarget "Tasarim1" */;
			buildPhases = (
				D24F00992AEA8116003FF531 /* Sources */,
				D24F009A2AEA8116003FF531 /* Frameworks */,
				D24F009B2AEA8116003FF531 /* Resources */,
			);
			buildRules = (
			);
			dependencies = (
			);
			name = Tasarim1;
			productName = Tasarim1;
			productReference = D24F009D2AEA8116003FF531 /* Tasarim1.app */;
			productType = "com.apple.product-type.application";
		};
		D24F00B22AEA8118003FF531 /* Tasarim1Tests */ = {
			isa = PBXNativeTarget;
			buildConfigurationList = D24F00CA2AEA8118003FF531 /* Build configuration list for PBXNativeTarget "Tasarim1Tests" */;
			buildPhases = (
				D24F00AF2AEA8118003FF531 /* Sources */,
				D24F00B02AEA8118003FF531 /* Frameworks */,
				D24F00B12AEA8118003FF531 /* Resources */,
			);
			buildRules = (
			);
			dependencies = (
				D24F00B52AEA8118003FF531 /* PBXTargetDependency */,
			);
			name = Tasarim1Tests;
			productName = Tasarim1Tests;
			productReference = D24F00B32AEA8118003FF531 /* Tasarim1Tests.xctest */;
			productType = "com.apple.product-type.bundle.unit-test";
		};
		D24F00BC2AEA8118003FF531 /* Tasarim1UITests */ = {
			isa = PBXNativeTarget;
			buildConfigurationList = D24F00CD2AEA8118003FF531 /* Build configuration list for PBXNativeTarget "Tasarim1UITests" */;
			buildPhases = (
				D24F00B92AEA8118003FF531 /* Sources */,
				D24F00BA2AEA8118003FF531 /* Frameworks */,
				D24F00BB2AEA8118003FF531 /* Resources */,
			);
			buildRules = (
			);
			dependencies = (
				D24F00BF2AEA8118003FF531 /* PBXTargetDependency */,
			);
			name = Tasarim1UITests;
			productName = Tasarim1UITests;
			productReference = D24F00BD2AEA8118003FF531 /* Tasarim1UITests.xctest */;
			productType = "com.apple.product-type.bundle.ui-testing";
		};
/* End PBXNativeTarget section */

/* Begin PBXProject section */
		D24F00952AEA8116003FF531 /* Project object */ = {
			isa = PBXProject;
			attributes = {
				BuildIndependentTargetsInParallel = 1;
				LastSwiftUpdateCheck = 1500;
				LastUpgradeCheck = 1500;
				TargetAttributes = {
					D24F009C2AEA8116003FF531 = {
						CreatedOnToolsVersion = 15.0;
					};
					D24F00B22AEA8118003FF531 = {
						CreatedOnToolsVersion = 15.0;
						TestTargetID = D24F009C2AEA8116003FF531;
					};
					D24F00BC2AEA8118003FF531 = {
						CreatedOnToolsVersion = 15.0;
						TestTargetID = D24F009C2AEA8116003FF531;
					};
				};
			};
			buildConfigurationList = D24F00982AEA8116003FF531 /* Build configuration list for PBXProject "Tasarim1" */;
			compatibilityVersion = "Xcode 14.0";
			developmentRegion = en;
			hasScannedForEncodings = 0;
			knownRegions = (
				en,
				Base,
				tr,
			);
			mainGroup = D24F00942AEA8116003FF531;
			productRefGroup = D24F009E2AEA8116003FF531 /* Products */;
			projectDirPath = "";
			projectRoot = "";
			targets = (
				D24F009C2AEA8116003FF531 /* Tasarim1 */,
				D24F00B22AEA8118003FF531 /* Tasarim1Tests */,
				D24F00BC2AEA8118003FF531 /* Tasarim1UITests */,
			);
		};
/* End PBXProject section */

/* Begin PBXResourcesBuildPhase section */
		D24F009B2AEA8116003FF531 /* Resources */ = {
			isa = PBXResourcesBuildPhase;
			buildActionMask = 2147483647;
			files = (
				D24F00AD2AEA8118003FF531 /* LaunchScreen.storyboard in Resources */,
				D24F00D22AEA99DB003FF531 /* Pacifico-Regular.ttf in Resources */,
				D24F00AA2AEA8118003FF531 /* Assets.xcassets in Resources */,
				D24F00A82AEA8116003FF531 /* Main.storyboard in Resources */,
			);
			runOnlyForDeploymentPostprocessing = 0;
		};
		D24F00B12AEA8118003FF531 /* Resources */ = {
			isa = PBXResourcesBuildPhase;
			buildActionMask = 2147483647;
			files = (
			);
			runOnlyForDeploymentPostprocessing = 0;
		};
		D24F00BB2AEA8118003FF531 /* Resources */ = {
			isa = PBXResourcesBuildPhase;
			buildActionMask = 2147483647;
			files = (
			);
			runOnlyForDeploymentPostprocessing = 0;
		};
/* End PBXResourcesBuildPhase section */

/* Begin PBXSourcesBuildPhase section */
		D24F00992AEA8116003FF531 /* Sources */ = {
			isa = PBXSourcesBuildPhase;
			buildActionMask = 2147483647;
			files = (
				D24F00A52AEA8116003FF531 /* ViewController.swift in Sources */,
				D24F00A12AEA8116003FF531 /* AppDelegate.swift in Sources */,
				D24F00A32AEA8116003FF531 /* SceneDelegate.swift in Sources */,
			);
			runOnlyForDeploymentPostprocessing = 0;
		};
		D24F00AF2AEA8118003FF531 /* Sources */ = {
			isa = PBXSourcesBuildPhase;
			buildActionMask = 2147483647;
			files = (
				D24F00B82AEA8118003FF531 /* Tasarim1Tests.swift in Sources */,
			);
			runOnlyForDeploymentPostprocessing = 0;
		};
		D24F00B92AEA8118003FF531 /* Sources */ = {
			isa = PBXSourcesBuildPhase;
			buildActionMask = 2147483647;
			files = (
				D24F00C42AEA8118003FF531 /* Tasarim1UITestsLaunchTests.swift in Sources */,
				D24F00C22AEA8118003FF531 /* Tasarim1UITests.swift in Sources */,
			);
			runOnlyForDeploymentPostprocessing = 0;
		};
/* End PBXSourcesBuildPhase section */

/* Begin PBXTargetDependency section */
		D24F00B52AEA8118003FF531 /* PBXTargetDependency */ = {
			isa = PBXTargetDependency;
			target = D24F009C2AEA8116003FF531 /* Tasarim1 */;
			targetProxy = D24F00B42AEA8118003FF531 /* PBXContainerItemProxy */;
		};
		D24F00BF2AEA8118003FF531 /* PBXTargetDependency */ = {
			isa = PBXTargetDependency;
			target = D24F009C2AEA8116003FF531 /* Tasarim1 */;
			targetProxy = D24F00BE2AEA8118003FF531 /* PBXContainerItemProxy */;
		};
/* End PBXTargetDependency section */

/* Begin PBXVariantGroup section */
		D24F00A62AEA8116003FF531 /* Main.storyboard */ = {
			isa = PBXVariantGroup;
			children = (
				D24F00A72AEA8116003FF531 /* Base */,
				D24F00D32AEBBF19003FF531 /* tr */,
			);
			name = Main.storyboard;
			sourceTree = "<group>";
		};
		D24F00AB2AEA8118003FF531 /* LaunchScreen.storyboard */ = {
			isa = PBXVariantGroup;
			children = (
				D24F00AC2AEA8118003FF531 /* Base */,
				D24F00D42AEBBF19003FF531 /* tr */,
			);
			name = LaunchScreen.storyboard;
			sourceTree = "<group>";
		};
/* End PBXVariantGroup section */

/* Begin XCBuildConfiguration section */
		D24F00C52AEA8118003FF531 /* Debug */ = {
			isa = XCBuildConfiguration;
			buildSettings = {
				ALWAYS_SEARCH_USER_PATHS = NO;
				ASSETCATALOG_COMPILER_GENERATE_SWIFT_ASSET_SYMBOL_EXTENSIONS = YES;
				CLANG_ANALYZER_LOCALIZABILITY_NONLOCALIZED = YES;
				CLANG_ANALYZER_NONNULL = YES;
				CLANG_ANALYZER_NUMBER_OBJECT_CONVERSION = YES_AGGRESSIVE;
				CLANG_CXX_LANGUAGE_STANDARD = "gnu++20";
				CLANG_ENABLE_MODULES = YES;
				CLANG_ENABLE_OBJC_ARC = YES;
				CLANG_ENABLE_OBJC_WEAK = YES;
				CLANG_WARN_BLOCK_CAPTURE_AUTORELEASING = YES;
				CLANG_WARN_BOOL_CONVERSION = YES;
				CLANG_WARN_COMMA = YES;
				CLANG_WARN_CONSTANT_CONVERSION = YES;
				CLANG_WARN_DEPRECATED_OBJC_IMPLEMENTATIONS = YES;
				CLANG_WARN_DIRECT_OBJC_ISA_USAGE = YES_ERROR;
				CLANG_WARN_DOCUMENTATION_COMMENTS = YES;
				CLANG_WARN_EMPTY_BODY = YES;
				CLANG_WARN_ENUM_CONVERSION = YES;
				CLANG_WARN_INFINITE_RECURSION = YES;
				CLANG_WARN_INT_CONVERSION = YES;
				CLANG_WARN_NON_LITERAL_NULL_CONVERSION = YES;
				CLANG_WARN_OBJC_IMPLICIT_RETAIN_SELF = YES;
				CLANG_WARN_OBJC_LITERAL_CONVERSION = YES;
				CLANG_WARN_OBJC_ROOT_CLASS = YES_ERROR;
				CLANG_WARN_QUOTED_INCLUDE_IN_FRAMEWORK_HEADER = YES;
				CLANG_WARN_RANGE_LOOP_ANALYSIS = YES;
				CLANG_WARN_STRICT_PROTOTYPES = YES;
				CLANG_WARN_SUSPICIOUS_MOVE = YES;
				CLANG_WARN_UNGUARDED_AVAILABILITY = YES_AGGRESSIVE;
				CLANG_WARN_UNREACHABLE_CODE = YES;
				CLANG_WARN__DUPLICATE_METHOD_MATCH = YES;
				COPY_PHASE_STRIP = NO;
				DEBUG_INFORMATION_FORMAT = dwarf;
				ENABLE_STRICT_OBJC_MSGSEND = YES;
				ENABLE_TESTABILITY = YES;
				ENABLE_USER_SCRIPT_SANDBOXING = YES;
				GCC_C_LANGUAGE_STANDARD = gnu17;
				GCC_DYNAMIC_NO_PIC = NO;
				GCC_NO_COMMON_BLOCKS = YES;
				GCC_OPTIMIZATION_LEVEL = 0;
				GCC_PREPROCESSOR_DEFINITIONS = (
					"DEBUG=1",
					"$(inherited)",
				);
				GCC_WARN_64_TO_32_BIT_CONVERSION = YES;
				GCC_WARN_ABOUT_RETURN_TYPE = YES_ERROR;
				GCC_WARN_UNDECLARED_SELECTOR = YES;
				GCC_WARN_UNINITIALIZED_AUTOS = YES_AGGRESSIVE;
				GCC_WARN_UNUSED_FUNCTION = YES;
				GCC_WARN_UNUSED_VARIABLE = YES;
				IPHONEOS_DEPLOYMENT_TARGET = 17.0;
				LOCALIZATION_PREFERS_STRING_CATALOGS = YES;
				MTL_ENABLE_DEBUG_INFO = INCLUDE_SOURCE;
				MTL_FAST_MATH = YES;
				ONLY_ACTIVE_ARCH = YES;
				SDKROOT = iphoneos;
				SWIFT_ACTIVE_COMPILATION_CONDITIONS = "DEBUG $(inherited)";
				SWIFT_OPTIMIZATION_LEVEL = "-Onone";
			};
			name = Debug;
		};
		D24F00C62AEA8118003FF531 /* Release */ = {
			isa = XCBuildConfiguration;
			buildSettings = {
				ALWAYS_SEARCH_USER_PATHS = NO;
				ASSETCATALOG_COMPILER_GENERATE_SWIFT_ASSET_SYMBOL_EXTENSIONS = YES;
				CLANG_ANALYZER_LOCALIZABILITY_NONLOCALIZED = YES;
				CLANG_ANALYZER_NONNULL = YES;
				CLANG_ANALYZER_NUMBER_OBJECT_CONVERSION = YES_AGGRESSIVE;
				CLANG_CXX_LANGUAGE_STANDARD = "gnu++20";
				CLANG_ENABLE_MODULES = YES;
				CLANG_ENABLE_OBJC_ARC = YES;
				CLANG_ENABLE_OBJC_WEAK = YES;
				CLANG_WARN_BLOCK_CAPTURE_AUTORELEASING = YES;
				CLANG_WARN_BOOL_CONVERSION = YES;
				CLANG_WARN_COMMA = YES;
				CLANG_WARN_CONSTANT_CONVERSION = YES;
				CLANG_WARN_DEPRECATED_OBJC_IMPLEMENTATIONS = YES;
				CLANG_WARN_DIRECT_OBJC_ISA_USAGE = YES_ERROR;
				CLANG_WARN_DOCUMENTATION_COMMENTS = YES;
				CLANG_WARN_EMPTY_BODY = YES;
				CLANG_WARN_ENUM_CONVERSION = YES;
				CLANG_WARN_INFINITE_RECURSION = YES;
				CLANG_WARN_INT_CONVERSION = YES;
				CLANG_WARN_NON_LITERAL_NULL_CONVERSION = YES;
				CLANG_WARN_OBJC_IMPLICIT_RETAIN_SELF = YES;
				CLANG_WARN_OBJC_LITERAL_CONVERSION = YES;
				CLANG_WARN_OBJC_ROOT_CLASS = YES_ERROR;
				CLANG_WARN_QUOTED_INCLUDE_IN_FRAMEWORK_HEADER = YES;
				CLANG_WARN_RANGE_LOOP_ANALYSIS = YES;
				CLANG_WARN_STRICT_PROTOTYPES = YES;
				CLANG_WARN_SUSPICIOUS_MOVE = YES;
				CLANG_WARN_UNGUARDED_AVAILABILITY = YES_AGGRESSIVE;
				CLANG_WARN_UNREACHABLE_CODE = YES;
				CLANG_WARN__DUPLICATE_METHOD_MATCH = YES;
				COPY_PHASE_STRIP = NO;
				DEBUG_INFORMATION_FORMAT = "dwarf-with-dsym";
				ENABLE_NS_ASSERTIONS = NO;
				ENABLE_STRICT_OBJC_MSGSEND = YES;
				ENABLE_USER_SCRIPT_SANDBOXING = YES;
				GCC_C_LANGUAGE_STANDARD = gnu17;
				GCC_NO_COMMON_BLOCKS = YES;
				GCC_WARN_64_TO_32_BIT_CONVERSION = YES;
				GCC_WARN_ABOUT_RETURN_TYPE = YES_ERROR;
				GCC_WARN_UNDECLARED_SELECTOR = YES;
				GCC_WARN_UNINITIALIZED_AUTOS = YES_AGGRESSIVE;
				GCC_WARN_UNUSED_FUNCTION = YES;
				GCC_WARN_UNUSED_VARIABLE = YES;
				IPHONEOS_DEPLOYMENT_TARGET = 17.0;
				LOCALIZATION_PREFERS_STRING_CATALOGS = YES;
				MTL_ENABLE_DEBUG_INFO = NO;
				MTL_FAST_MATH = YES;
				SDKROOT = iphoneos;
				SWIFT_COMPILATION_MODE = wholemodule;
				VALIDATE_PRODUCT = YES;
			};
			name = Release;
		};
		D24F00C82AEA8118003FF531 /* Debug */ = {
			isa = XCBuildConfiguration;
			buildSettings = {
				ASSETCATALOG_COMPILER_APPICON_NAME = AppIcon;
				ASSETCATALOG_COMPILER_GLOBAL_ACCENT_COLOR_NAME = AccentColor;
				CODE_SIGN_STYLE = Automatic;
				CURRENT_PROJECT_VERSION = 1;
				GENERATE_INFOPLIST_FILE = YES;
				INFOPLIST_FILE = Tasarim1/Info.plist;
				INFOPLIST_KEY_CFBundleDisplayName = Yenir;
				INFOPLIST_KEY_UIApplicationSupportsIndirectInputEvents = YES;
				INFOPLIST_KEY_UILaunchStoryboardName = LaunchScreen;
				INFOPLIST_KEY_UIMainStoryboardFile = Main;
				INFOPLIST_KEY_UISupportedInterfaceOrientations_iPad = "UIInterfaceOrientationPortrait UIInterfaceOrientationPortraitUpsideDown UIInterfaceOrientationLandscapeLeft UIInterfaceOrientationLandscapeRight";
				INFOPLIST_KEY_UISupportedInterfaceOrientations_iPhone = "UIInterfaceOrientationPortrait UIInterfaceOrientationLandscapeLeft UIInterfaceOrientationLandscapeRight";
				LD_RUNPATH_SEARCH_PATHS = (
					"$(inherited)",
					"@executable_path/Frameworks",
				);
				MARKETING_VERSION = 1.0;
				PRODUCT_BUNDLE_IDENTIFIER = test.Tasarim1;
				PRODUCT_NAME = "$(TARGET_NAME)";
				SWIFT_EMIT_LOC_STRINGS = YES;
				SWIFT_VERSION = 5.0;
				TARGETED_DEVICE_FAMILY = "1,2";
			};
			name = Debug;
		};
		D24F00C92AEA8118003FF531 /* Release */ = {
			isa = XCBuildConfiguration;
			buildSettings = {
				ASSETCATALOG_COMPILER_APPICON_NAME = AppIcon;
				ASSETCATALOG_COMPILER_GLOBAL_ACCENT_COLOR_NAME = AccentColor;
				CODE_SIGN_STYLE = Automatic;
				CURRENT_PROJECT_VERSION = 1;
				GENERATE_INFOPLIST_FILE = YES;
				INFOPLIST_FILE = Tasarim1/Info.plist;
				INFOPLIST_KEY_CFBundleDisplayName = Yenir;
				INFOPLIST_KEY_UIApplicationSupportsIndirectInputEvents = YES;
				INFOPLIST_KEY_UILaunchStoryboardName = LaunchScreen;
				INFOPLIST_KEY_UIMainStoryboardFile = Main;
				INFOPLIST_KEY_UISupportedInterfaceOrientations_iPad = "UIInterfaceOrientationPortrait UIInterfaceOrientationPortraitUpsideDown UIInterfaceOrientationLandscapeLeft UIInterfaceOrientationLandscapeRight";
				INFOPLIST_KEY_UISupportedInterfaceOrientations_iPhone = "UIInterfaceOrientationPortrait UIInterfaceOrientationLandscapeLeft UIInterfaceOrientationLandscapeRight";
				LD_RUNPATH_SEARCH_PATHS = (
					"$(inherited)",
					"@executable_path/Frameworks",
				);
				MARKETING_VERSION = 1.0;
				PRODUCT_BUNDLE_IDENTIFIER = test.Tasarim1;
				PRODUCT_NAME = "$(TARGET_NAME)";
				SWIFT_EMIT_LOC_STRINGS = YES;
				SWIFT_VERSION = 5.0;
				TARGETED_DEVICE_FAMILY = "1,2";
			};
			name = Release;
		};
		D24F00CB2AEA8118003FF531 /* Debug */ = {
			isa = XCBuildConfiguration;
			buildSettings = {
				ALWAYS_EMBED_SWIFT_STANDARD_LIBRARIES = YES;
				BUNDLE_LOADER = "$(TEST_HOST)";
				CODE_SIGN_STYLE = Automatic;
				CURRENT_PROJECT_VERSION = 1;
				GENERATE_INFOPLIST_FILE = YES;
				IPHONEOS_DEPLOYMENT_TARGET = 17.0;
				MARKETING_VERSION = 1.0;
				PRODUCT_BUNDLE_IDENTIFIER = test.Tasarim1Tests;
				PRODUCT_NAME = "$(TARGET_NAME)";
				SWIFT_EMIT_LOC_STRINGS = NO;
				SWIFT_VERSION = 5.0;
				TARGETED_DEVICE_FAMILY = "1,2";
				TEST_HOST = "$(BUILT_PRODUCTS_DIR)/Tasarim1.app/$(BUNDLE_EXECUTABLE_FOLDER_PATH)/Tasarim1";
			};
			name = Debug;
		};
		D24F00CC2AEA8118003FF531 /* Release */ = {
			isa = XCBuildConfiguration;
			buildSettings = {
				ALWAYS_EMBED_SWIFT_STANDARD_LIBRARIES = YES;
				BUNDLE_LOADER = "$(TEST_HOST)";
				CODE_SIGN_STYLE = Automatic;
				CURRENT_PROJECT_VERSION = 1;
				GENERATE_INFOPLIST_FILE = YES;
				IPHONEOS_DEPLOYMENT_TARGET = 17.0;
				MARKETING_VERSION = 1.0;
				PRODUCT_BUNDLE_IDENTIFIER = test.Tasarim1Tests;
				PRODUCT_NAME = "$(TARGET_NAME)";
				SWIFT_EMIT_LOC_STRINGS = NO;
				SWIFT_VERSION = 5.0;
				TARGETED_DEVICE_FAMILY = "1,2";
				TEST_HOST = "$(BUILT_PRODUCTS_DIR)/Tasarim1.app/$(BUNDLE_EXECUTABLE_FOLDER_PATH)/Tasarim1";
			};
			name = Release;
		};
		D24F00CE2AEA8118003FF531 /* Debug */ = {
			isa = XCBuildConfiguration;
			buildSettings = {
				ALWAYS_EMBED_SWIFT_STANDARD_LIBRARIES = YES;
				CODE_SIGN_STYLE = Automatic;
				CURRENT_PROJECT_VERSION = 1;
				GENERATE_INFOPLIST_FILE = YES;
				MARKETING_VERSION = 1.0;
				PRODUCT_BUNDLE_IDENTIFIER = test.Tasarim1UITests;
				PRODUCT_NAME = "$(TARGET_NAME)";
				SWIFT_EMIT_LOC_STRINGS = NO;
				SWIFT_VERSION = 5.0;
				TARGETED_DEVICE_FAMILY = "1,2";
				TEST_TARGET_NAME = Tasarim1;
			};
			name = Debug;
		};
		D24F00CF2AEA8118003FF531 /* Release */ = {
			isa = XCBuildConfiguration;
			buildSettings = {
				ALWAYS_EMBED_SWIFT_STANDARD_LIBRARIES = YES;
				CODE_SIGN_STYLE = Automatic;
				CURRENT_PROJECT_VERSION = 1;
				GENERATE_INFOPLIST_FILE = YES;
				MARKETING_VERSION = 1.0;
				PRODUCT_BUNDLE_IDENTIFIER = test.Tasarim1UITests;
				PRODUCT_NAME = "$(TARGET_NAME)";
				SWIFT_EMIT_LOC_STRINGS = NO;
				SWIFT_VERSION = 5.0;
				TARGETED_DEVICE_FAMILY = "1,2";
				TEST_TARGET_NAME = Tasarim1;
			};
			name = Release;
		};
/* End XCBuildConfiguration section */

/* Begin XCConfigurationList section */
		D24F00982AEA8116003FF531 /* Build configuration list for PBXProject "Tasarim1" */ = {
			isa = XCConfigurationList;
			buildConfigurations = (
				D24F00C52AEA8118003FF531 /* Debug */,
				D24F00C62AEA8118003FF531 /* Release */,
			);
			defaultConfigurationIsVisible = 0;
			defaultConfigurationName = Release;
		};
		D24F00C72AEA8118003FF531 /* Build configuration list for PBXNativeTarget "Tasarim1" */ = {
			isa = XCConfigurationList;
			buildConfigurations = (
				D24F00C82AEA8118003FF531 /* Debug */,
				D24F00C92AEA8118003FF531 /* Release */,
			);
			defaultConfigurationIsVisible = 0;
			defaultConfigurationName = Release;
		};
		D24F00CA2AEA8118003FF531 /* Build configuration list for PBXNativeTarget "Tasarim1Tests" */ = {
			isa = XCConfigurationList;
			buildConfigurations = (
				D24F00CB2AEA8118003FF531 /* Debug */,
				D24F00CC2AEA8118003FF531 /* Release */,
			);
			defaultConfigurationIsVisible = 0;
			defaultConfigurationName = Release;
		};
		D24F00CD2AEA8118003FF531 /* Build configuration list for PBXNativeTarget "Tasarim1UITests" */ = {
			isa = XCConfigurationList;
			buildConfigurations = (
				D24F00CE2AEA8118003FF531 /* Debug */,
				D24F00CF2AEA8118003FF531 /* Release */,
			);
			defaultConfigurationIsVisible = 0;
			defaultConfigurationName = Release;
		};
/* End XCConfigurationList section */
	};
	rootObject = D24F00952AEA8116003FF531 /* Project object */;
}
